
Microsoft Visual Studio Solution File, Format Version 12.00
# Visual Studio Version 16
VisualStudioVersion = 25.0.1705.2
MinimumVisualStudioVersion = 10.0.40219.1
Project("{FAE04EC0-301F-11D3-BF4B-00C04F79EFBC}") = "GradeBook", "GradeBook\GradeBook.csproj", "{63505266-5A99-464C-AD09-4D67D3E7DA94}"
EndProject
Global
	GlobalSection(SolutionConfigurationPlatforms) = preSolution
		Debug|Any CPU = Debug|Any CPU
		Release|Any CPU = Release|Any CPU
	EndGlobalSection
	GlobalSection(ProjectConfigurationPlatforms) = postSolution
		{63505266-5A99-464C-AD09-4D67D3E7DA94}.Debug|Any CPU.ActiveCfg = Debug|Any CPU
		{63505266-5A99-464C-AD09-4D67D3E7DA94}.Debug|Any CPU.Build.0 = Debug|Any CPU
		{63505266-5A99-464C-AD09-4D67D3E7DA94}.Release|Any CPU.ActiveCfg = Release|Any CPU
		{63505266-5A99-464C-AD09-4D67D3E7DA94}.Release|Any CPU.Build.0 = Release|Any CPU
	EndGlobalSection
	GlobalSection(SolutionProperties) = preSolution
		HideSolutionNode = FALSE
	EndGlobalSection
	GlobalSection(ExtensibilityGlobals) = postSolution
		SolutionGuid = {99D2B5D4-B87E-43FF-85C2-527FB82D20C5}
	EndGlobalSection
EndGlobal
